
Microsoft Visual Studio Solution File, Format Version 12.00
# Visual Studio Version 17
VisualStudioVersion = 17.10.35013.160
MinimumVisualStudioVersion = 10.0.40219.1
Project("{9A19103F-16F7-4668-BE54-9A1E7A4F7556}") = "MyStore.web", "MyStore.web.csproj", "{454F7AC0-2184-4A4E-AA39-6FCCDDF242B7}"
EndProject
Project("{9A19103F-16F7-4668-BE54-9A1E7A4F7556}") = "mystore.DataAccess", "..\mystore.DataAccess\mystore.DataAccess.csproj", "{6F13797B-87EF-4904-B01D-0E6B6CF60239}"
EndProject
Project("{9A19103F-16F7-4668-BE54-9A1E7A4F7556}") = "mystore.Entities", "..\mystore.Entities\mystore.Entities.csproj", "{1AD35E1B-6E01-4FB5-8008-4550DBB1AD4E}"
EndProject
Project("{FAE04EC0-301F-11D3-BF4B-00C04F79EFBC}") = "mystore.Utilities", "..\mystore.Utilities\mystore.Utilities.csproj", "{EBE6298C-DA92-4CF8-A3A3-38AA8F227E2B}"
EndProject
Global
	GlobalSection(SolutionConfigurationPlatforms) = preSolution
		Debug|Any CPU = Debug|Any CPU
		Release|Any CPU = Release|Any CPU
	EndGlobalSection
	GlobalSection(ProjectConfigurationPlatforms) = postSolution
		{454F7AC0-2184-4A4E-AA39-6FCCDDF242B7}.Debug|Any CPU.ActiveCfg = Debug|Any CPU
		{454F7AC0-2184-4A4E-AA39-6FCCDDF242B7}.Debug|Any CPU.Build.0 = Debug|Any CPU
		{454F7AC0-2184-4A4E-AA39-6FCCDDF242B7}.Release|Any CPU.ActiveCfg = Release|Any CPU
		{454F7AC0-2184-4A4E-AA39-6FCCDDF242B7}.Release|Any CPU.Build.0 = Release|Any CPU
		{6F13797B-87EF-4904-B01D-0E6B6CF60239}.Debug|Any CPU.ActiveCfg = Debug|Any CPU
		{6F13797B-87EF-4904-B01D-0E6B6CF60239}.Debug|Any CPU.Build.0 = Debug|Any CPU
		{6F13797B-87EF-4904-B01D-0E6B6CF60239}.Release|Any CPU.ActiveCfg = Release|Any CPU
		{6F13797B-87EF-4904-B01D-0E6B6CF60239}.Release|Any CPU.Build.0 = Release|Any CPU
		{1AD35E1B-6E01-4FB5-8008-4550DBB1AD4E}.Debug|Any CPU.ActiveCfg = Debug|Any CPU
		{1AD35E1B-6E01-4FB5-8008-4550DBB1AD4E}.Debug|Any CPU.Build.0 = Debug|Any CPU
		{1AD35E1B-6E01-4FB5-8008-4550DBB1AD4E}.Release|Any CPU.ActiveCfg = Release|Any CPU
		{1AD35E1B-6E01-4FB5-8008-4550DBB1AD4E}.Release|Any CPU.Build.0 = Release|Any CPU
		{EBE6298C-DA92-4CF8-A3A3-38AA8F227E2B}.Debug|Any CPU.ActiveCfg = Debug|Any CPU
		{EBE6298C-DA92-4CF8-A3A3-38AA8F227E2B}.Debug|Any CPU.Build.0 = Debug|Any CPU
		{EBE6298C-DA92-4CF8-A3A3-38AA8F227E2B}.Release|Any CPU.ActiveCfg = Release|Any CPU
		{EBE6298C-DA92-4CF8-A3A3-38AA8F227E2B}.Release|Any CPU.Build.0 = Release|Any CPU
	EndGlobalSection
	GlobalSection(SolutionProperties) = preSolution
		HideSolutionNode = FALSE
	EndGlobalSection
	GlobalSection(ExtensibilityGlobals) = postSolution
		SolutionGuid = {2739F468-E774-4612-B240-C90B75337DF0}
	EndGlobalSection
EndGlobal
